
Microsoft Visual Studio Solution File, Format Version 12.00
# Visual Studio Version 17
VisualStudioVersion = 17.13.35806.99 d17.13
MinimumVisualStudioVersion = 10.0.40219.1
Project("{FAE04EC0-301F-11D3-BF4B-00C04F79EFBC}") = "CalculatorLibrary", "CalculatorLibrary\CalculatorLibrary.csproj", "{E657E8DE-0B5F-4818-8889-2497364F1422}"
EndProject
Project("{FAE04EC0-301F-11D3-BF4B-00C04F79EFBC}") = "CalculatorApp", "CalculatorApp\CalculatorApp.csproj", "{0F20BE30-81BA-4FBD-8956-2B24A3335643}"
EndProject
Global
	GlobalSection(SolutionConfigurationPlatforms) = preSolution
		Debug|Any CPU = Debug|Any CPU
		Release|Any CPU = Release|Any CPU
	EndGlobalSection
	GlobalSection(ProjectConfigurationPlatforms) = postSolution
		{E657E8DE-0B5F-4818-8889-2497364F1422}.Debug|Any CPU.ActiveCfg = Debug|Any CPU
		{E657E8DE-0B5F-4818-8889-2497364F1422}.Debug|Any CPU.Build.0 = Debug|Any CPU
		{E657E8DE-0B5F-4818-8889-2497364F1422}.Release|Any CPU.ActiveCfg = Release|Any CPU
		{E657E8DE-0B5F-4818-8889-2497364F1422}.Release|Any CPU.Build.0 = Release|Any CPU
		{0F20BE30-81BA-4FBD-8956-2B24A3335643}.Debug|Any CPU.ActiveCfg = Debug|Any CPU
		{0F20BE30-81BA-4FBD-8956-2B24A3335643}.Debug|Any CPU.Build.0 = Debug|Any CPU
		{0F20BE30-81BA-4FBD-8956-2B24A3335643}.Release|Any CPU.ActiveCfg = Release|Any CPU
		{0F20BE30-81BA-4FBD-8956-2B24A3335643}.Release|Any CPU.Build.0 = Release|Any CPU
	EndGlobalSection
	GlobalSection(SolutionProperties) = preSolution
		HideSolutionNode = FALSE
	EndGlobalSection
	GlobalSection(ExtensibilityGlobals) = postSolution
		SolutionGuid = {7280D79C-7FDA-4093-AB02-88ABB6481B5D}
	EndGlobalSection
EndGlobal
