
Microsoft Visual Studio Solution File, Format Version 12.00
# Visual Studio Version 17
VisualStudioVersion = 17.13.35806.99 d17.13
MinimumVisualStudioVersion = 10.0.40219.1
Project("{FAE04EC0-301F-11D3-BF4B-00C04F79EFBC}") = "EF_CF_MultiTables_Demo", "EF_CF_MultiTables_Demo\EF_CF_MultiTables_Demo.csproj", "{CFB9306E-B156-4341-A193-89DE23ADBEA3}"
EndProject
Global
	GlobalSection(SolutionConfigurationPlatforms) = preSolution
		Debug|Any CPU = Debug|Any CPU
		Release|Any CPU = Release|Any CPU
	EndGlobalSection
	GlobalSection(ProjectConfigurationPlatforms) = postSolution
		{CFB9306E-B156-4341-A193-89DE23ADBEA3}.Debug|Any CPU.ActiveCfg = Debug|Any CPU
		{CFB9306E-B156-4341-A193-89DE23ADBEA3}.Debug|Any CPU.Build.0 = Debug|Any CPU
		{CFB9306E-B156-4341-A193-89DE23ADBEA3}.Release|Any CPU.ActiveCfg = Release|Any CPU
		{CFB9306E-B156-4341-A193-89DE23ADBEA3}.Release|Any CPU.Build.0 = Release|Any CPU
	EndGlobalSection
	GlobalSection(SolutionProperties) = preSolution
		HideSolutionNode = FALSE
	EndGlobalSection
	GlobalSection(ExtensibilityGlobals) = postSolution
		SolutionGuid = {79E33BF8-BBE5-487C-B2DD-F2DC9BBF201A}
	EndGlobalSection
EndGlobal
